
Microsoft Visual Studio Solution File, Format Version 12.00
# Visual Studio Version 17
VisualStudioVersion = 17.4.33213.308
MinimumVisualStudioVersion = 10.0.40219.1
Project("{FAE04EC0-301F-11D3-BF4B-00C04F79EFBC}") = "recruitment_agency", "recruitment_agency.csproj", "{64DF725C-95CE-4F04-A799-DB034E3BC6DE}"
EndProject
Global
	GlobalSection(SolutionConfigurationPlatforms) = preSolution
		Debug|Any CPU = Debug|Any CPU
		Release|Any CPU = Release|Any CPU
	EndGlobalSection
	GlobalSection(ProjectConfigurationPlatforms) = postSolution
		{64DF725C-95CE-4F04-A799-DB034E3BC6DE}.Debug|Any CPU.ActiveCfg = Debug|Any CPU
		{64DF725C-95CE-4F04-A799-DB034E3BC6DE}.Debug|Any CPU.Build.0 = Debug|Any CPU
		{64DF725C-95CE-4F04-A799-DB034E3BC6DE}.Release|Any CPU.ActiveCfg = Release|Any CPU
		{64DF725C-95CE-4F04-A799-DB034E3BC6DE}.Release|Any CPU.Build.0 = Release|Any CPU
	EndGlobalSection
	GlobalSection(SolutionProperties) = preSolution
		HideSolutionNode = FALSE
	EndGlobalSection
	GlobalSection(ExtensibilityGlobals) = postSolution
		SolutionGuid = {042938C8-088A-49BA-BF3D-1090B0ADE36C}
	EndGlobalSection
EndGlobal
